// !$*UTF8*$!
{
	archiveVersion = 1;
	classes = {
	};
	objectVersion = 46;
	objects = {

/* Begin PBXBuildFile section */
		8E3AD79B1AA412F600272D9C /* main.m in Sources */ = {isa = PBXBuildFile; fileRef = 8E3AD79A1AA412F600272D9C /* main.m */; };
		8E3AD79E1AA412F600272D9C /* AppDelegate.m in Sources */ = {isa = PBXBuildFile; fileRef = 8E3AD79D1AA412F600272D9C /* AppDelegate.m */; };
		8E3AD7A11AA412F600272D9C /* ViewController.m in Sources */ = {isa = PBXBuildFile; fileRef = 8E3AD7A01AA412F600272D9C /* ViewController.m */; };
		8E3AD7A41AA412F600272D9C /* Main.storyboard in Resources */ = {isa = PBXBuildFile; fileRef = 8E3AD7A21AA412F600272D9C /* Main.storyboard */; };
		8E3AD7A61AA412F600272D9C /* Images.xcassets in Resources */ = {isa = PBXBuildFile; fileRef = 8E3AD7A51AA412F600272D9C /* Images.xcassets */; };
		8E3AD7A91AA412F600272D9C /* LaunchScreen.xib in Resources */ = {isa = PBXBuildFile; fileRef = 8E3AD7A71AA412F600272D9C /* LaunchScreen.xib */; };
		8E3AD7B51AA412F700272D9C /* TestCrashMailTests.m in Sources */ = {isa = PBXBuildFile; fileRef = 8E3AD7B41AA412F700272D9C /* TestCrashMailTests.m */; };
		8E3AD7BF1AA44BC800272D9C /* rootJSON.geojson in Resources */ = {isa = PBXBuildFile; fileRef = 8E3AD7BE1AA44BC800272D9C /* rootJSON.geojson */; };
		8E3AD7C11AA456F600272D9C /* json.js in Resources */ = {isa = PBXBuildFile; fileRef = 8E3AD7C01AA456F600272D9C /* json.js */; };
		8ED31D241AA58A9A004E584F /* learn.js in Resources */ = {isa = PBXBuildFile; fileRef = 8ED31D231AA58A9A004E584F /* learn.js */; };
		8ED31D271AA5AA5D004E584F /* WebViewController.m in Sources */ = {isa = PBXBuildFile; fileRef = 8ED31D261AA5AA5D004E584F /* WebViewController.m */; };
/* End PBXBuildFile section */

/* Begin PBXContainerItemProxy section */
		8E3AD7AF1AA412F700272D9C /* PBXContainerItemProxy */ = {
			isa = PBXContainerItemProxy;
			containerPortal = 8E3AD78D1AA412F600272D9C /* Project object */;
			proxyType = 1;
			remoteGlobalIDString = 8E3AD7941AA412F600272D9C;
			remoteInfo = TestCrashMail;
		};
/* End PBXContainerItemProxy section */

/* Begin PBXFileReference section */
		8E3AD7951AA412F600272D9C /* TestCrashMail.app */ = {isa = PBXFileReference; explicitFileType = wrapper.application; includeInIndex = 0; path = TestCrashMail.app; sourceTree = BUILT_PRODUCTS_DIR; };
		8E3AD7991AA412F600272D9C /* Info.plist */ = {isa = PBXFileReference; lastKnownFileType = text.plist.xml; path = Info.plist; sourceTree = "<group>"; };
		8E3AD79A1AA412F600272D9C /* main.m */ = {isa = PBXFileReference; lastKnownFileType = sourcecode.c.objc; path = main.m; sourceTree = "<group>"; };
		8E3AD79C1AA412F600272D9C /* AppDelegate.h */ = {isa = PBXFileReference; lastKnownFileType = sourcecode.c.h; path = AppDelegate.h; sourceTree = "<group>"; };
		8E3AD79D1AA412F600272D9C /* AppDelegate.m */ = {isa = PBXFileReference; lastKnownFileType = sourcecode.c.objc; path = AppDelegate.m; sourceTree = "<group>"; };
		8E3AD79F1AA412F600272D9C /* ViewController.h */ = {isa = PBXFileReference; lastKnownFileType = sourcecode.c.h; path = ViewController.h; sourceTree = "<group>"; };
		8E3AD7A01AA412F600272D9C /* ViewController.m */ = {isa = PBXFileReference; lastKnownFileType = sourcecode.c.objc; path = ViewController.m; sourceTree = "<group>"; };
		8E3AD7A31AA412F600272D9C /* Base */ = {isa = PBXFileReference; lastKnownFileType = file.storyboard; name = Base; path = Base.lproj/Main.storyboard; sourceTree = "<group>"; };
		8E3AD7A51AA412F600272D9C /* Images.xcassets */ = {isa = PBXFileReference; lastKnownFileType = folder.assetcatalog; path = Images.xcassets; sourceTree = "<group>"; };
		8E3AD7A81AA412F600272D9C /* Base */ = {isa = PBXFileReference; lastKnownFileType = file.xib; name = Base; path = Base.lproj/LaunchScreen.xib; sourceTree = "<group>"; };
		8E3AD7AE1AA412F700272D9C /* TestCrashMailTests.xctest */ = {isa = PBXFileReference; explicitFileType = wrapper.cfbundle; includeInIndex = 0; path = TestCrashMailTests.xctest; sourceTree = BUILT_PRODUCTS_DIR; };
		8E3AD7B31AA412F700272D9C /* Info.plist */ = {isa = PBXFileReference; lastKnownFileType = text.plist.xml; path = Info.plist; sourceTree = "<group>"; };
		8E3AD7B41AA412F700272D9C /* TestCrashMailTests.m */ = {isa = PBXFileReference; lastKnownFileType = sourcecode.c.objc; path = TestCrashMailTests.m; sourceTree = "<group>"; };
		8E3AD7BE1AA44BC800272D9C /* rootJSON.geojson */ = {isa = PBXFileReference; fileEncoding = 4; lastKnownFileType = text; path = rootJSON.geojson; sourceTree = "<group>"; };
		8E3AD7C01AA456F600272D9C /* json.js */ = {isa = PBXFileReference; fileEncoding = 4; lastKnownFileType = sourcecode.javascript; path = json.js; sourceTree = "<group>"; };
		8ED31D231AA58A9A004E584F /* learn.js */ = {isa = PBXFileReference; fileEncoding = 4; lastKnownFileType = sourcecode.javascript; path = learn.js; sourceTree = "<group>"; };
		8ED31D251AA5AA5D004E584F /* WebViewController.h */ = {isa = PBXFileReference; fileEncoding = 4; lastKnownFileType = sourcecode.c.h; path = WebViewController.h; sourceTree = "<group>"; };
		8ED31D261AA5AA5D004E584F /* WebViewController.m */ = {isa = PBXFileReference; fileEncoding = 4; lastKnownFileType = sourcecode.c.objc; path = WebViewController.m; sourceTree = "<group>"; };
/* End PBXFileReference section */

/* Begin PBXFrameworksBuildPhase section */
		8E3AD7921AA412F600272D9C /* Frameworks */ = {
			isa = PBXFrameworksBuildPhase;
			buildActionMask = 2147483647;
			files = (
			);
			runOnlyForDeploymentPostprocessing = 0;
		};
		8E3AD7AB1AA412F700272D9C /* Frameworks */ = {
			isa = PBXFrameworksBuildPhase;
			buildActionMask = 2147483647;
			files = (
			);
			runOnlyForDeploymentPostprocessing = 0;
		};
/* End PBXFrameworksBuildPhase section */

/* Begin PBXGroup section */
		8E3AD78C1AA412F600272D9C = {
			isa = PBXGroup;
			children = (
				8E3AD7971AA412F600272D9C /* TestCrashMail */,
				8E3AD7B11AA412F700272D9C /* TestCrashMailTests */,
				8E3AD7961AA412F600272D9C /* Products */,
			);
			sourceTree = "<group>";
		};
		8E3AD7961AA412F600272D9C /* Products */ = {
			isa = PBXGroup;
			children = (
				8E3AD7951AA412F600272D9C /* TestCrashMail.app */,
				8E3AD7AE1AA412F700272D9C /* TestCrashMailTests.xctest */,
			);
			name = Products;
			sourceTree = "<group>";
		};
		8E3AD7971AA412F600272D9C /* TestCrashMail */ = {
			isa = PBXGroup;
			children = (
				8E3AD79C1AA412F600272D9C /* AppDelegate.h */,
				8E3AD79D1AA412F600272D9C /* AppDelegate.m */,
				8E3AD7C01AA456F600272D9C /* json.js */,
				8ED31D231AA58A9A004E584F /* learn.js */,
				8E3AD7BE1AA44BC800272D9C /* rootJSON.geojson */,
				8E3AD79F1AA412F600272D9C /* ViewController.h */,
				8E3AD7A01AA412F600272D9C /* ViewController.m */,
				8ED31D251AA5AA5D004E584F /* WebViewController.h */,
				8ED31D261AA5AA5D004E584F /* WebViewController.m */,
				8E3AD7A21AA412F600272D9C /* Main.storyboard */,
				8E3AD7A51AA412F600272D9C /* Images.xcassets */,
				8E3AD7A71AA412F600272D9C /* LaunchScreen.xib */,
				8E3AD7981AA412F600272D9C /* Supporting Files */,
			);
			path = TestCrashMail;
			sourceTree = "<group>";
		};
		8E3AD7981AA412F600272D9C /* Supporting Files */ = {
			isa = PBXGroup;
			children = (
				8E3AD7991AA412F600272D9C /* Info.plist */,
				8E3AD79A1AA412F600272D9C /* main.m */,
			);
			name = "Supporting Files";
			sourceTree = "<group>";
		};
		8E3AD7B11AA412F700272D9C /* TestCrashMailTests */ = {
			isa = PBXGroup;
			children = (
				8E3AD7B41AA412F700272D9C /* TestCrashMailTests.m */,
				8E3AD7B21AA412F700272D9C /* Supporting Files */,
			);
			path = TestCrashMailTests;
			sourceTree = "<group>";
		};
		8E3AD7B21AA412F700272D9C /* Supporting Files */ = {
			isa = PBXGroup;
			children = (
				8E3AD7B31AA412F700272D9C /* Info.plist */,
			);
			name = "Supporting Files";
			sourceTree = "<group>";
		};
/* End PBXGroup section */

/* Begin PBXNativeTarget section */
		8E3AD7941AA412F600272D9C /* TestCrashMail */ = {
			isa = PBXNativeTarget;
			buildConfigurationList = 8E3AD7B81AA412F700272D9C /* Build configuration list for PBXNativeTarget "TestCrashMail" */;
			buildPhases = (
				8E3AD7911AA412F600272D9C /* Sources */,
				8E3AD7921AA412F600272D9C /* Frameworks */,
				8E3AD7931AA412F600272D9C /* Resources */,
			);
			buildRules = (
			);
			dependencies = (
			);
			name = TestCrashMail;
			productName = TestCrashMail;
			productReference = 8E3AD7951AA412F600272D9C /* TestCrashMail.app */;
			productType = "com.apple.product-type.application";
		};
		8E3AD7AD1AA412F700272D9C /* TestCrashMailTests */ = {
			isa = PBXNativeTarget;
			buildConfigurationList = 8E3AD7BB1AA412F700272D9C /* Build configuration list for PBXNativeTarget "TestCrashMailTests" */;
			buildPhases = (
				8E3AD7AA1AA412F700272D9C /* Sources */,
				8E3AD7AB1AA412F700272D9C /* Frameworks */,
				8E3AD7AC1AA412F700272D9C /* Resources */,
			);
			buildRules = (
			);
			dependencies = (
				8E3AD7B01AA412F700272D9C /* PBXTargetDependency */,
			);
			name = TestCrashMailTests;
			productName = TestCrashMailTests;
			productReference = 8E3AD7AE1AA412F700272D9C /* TestCrashMailTests.xctest */;
			productType = "com.apple.product-type.bundle.unit-test";
		};
/* End PBXNativeTarget section */

/* Begin PBXProject section */
		8E3AD78D1AA412F600272D9C /* Project object */ = {
			isa = PBXProject;
			attributes = {
				LastUpgradeCheck = 0610;
				ORGANIZATIONNAME = miaogaoliang;
				TargetAttributes = {
					8E3AD7941AA412F600272D9C = {
						CreatedOnToolsVersion = 6.1;
						DevelopmentTeam = BSENLVR4AV;
					};
					8E3AD7AD1AA412F700272D9C = {
						CreatedOnToolsVersion = 6.1;
						TestTargetID = 8E3AD7941AA412F600272D9C;
					};
				};
			};
			buildConfigurationList = 8E3AD7901AA412F600272D9C /* Build configuration list for PBXProject "TestCrashMail" */;
			compatibilityVersion = "Xcode 3.2";
			developmentRegion = English;
			hasScannedForEncodings = 0;
			knownRegions = (
				en,
				Base,
			);
			mainGroup = 8E3AD78C1AA412F600272D9C;
			productRefGroup = 8E3AD7961AA412F600272D9C /* Products */;
			projectDirPath = "";
			projectRoot = "";
			targets = (
				8E3AD7941AA412F600272D9C /* TestCrashMail */,
				8E3AD7AD1AA412F700272D9C /* TestCrashMailTests */,
			);
		};
/* End PBXProject section */

/* Begin PBXResourcesBuildPhase section */
		8E3AD7931AA412F600272D9C /* Resources */ = {
			isa = PBXResourcesBuildPhase;
			buildActionMask = 2147483647;
			files = (
				8E3AD7A41AA412F600272D9C /* Main.storyboard in Resources */,
				8E3AD7BF1AA44BC800272D9C /* rootJSON.geojson in Resources */,
				8E3AD7A91AA412F600272D9C /* LaunchScreen.xib in Resources */,
				8E3AD7A61AA412F600272D9C /* Images.xcassets in Resources */,
				8E3AD7C11AA456F600272D9C /* json.js in Resources */,
				8ED31D241AA58A9A004E584F /* learn.js in Resources */,
			);
			runOnlyForDeploymentPostprocessing = 0;
		};
		8E3AD7AC1AA412F700272D9C /* Resources */ = {
			isa = PBXResourcesBuildPhase;
			buildActionMask = 2147483647;
			files = (
			);
			runOnlyForDeploymentPostprocessing = 0;
		};
/* End PBXResourcesBuildPhase section */

/* Begin PBXSourcesBuildPhase section */
		8E3AD7911AA412F600272D9C /* Sources */ = {
			isa = PBXSourcesBuildPhase;
			buildActionMask = 2147483647;
			files = (
				8E3AD7A11AA412F600272D9C /* ViewController.m in Sources */,
				8E3AD79E1AA412F600272D9C /* AppDelegate.m in Sources */,
				8E3AD79B1AA412F600272D9C /* main.m in Sources */,
				8ED31D271AA5AA5D004E584F /* WebViewController.m in Sources */,
			);
			runOnlyForDeploymentPostprocessing = 0;
		};
		8E3AD7AA1AA412F700272D9C /* Sources */ = {
			isa = PBXSourcesBuildPhase;
			buildActionMask = 2147483647;
			files = (
				8E3AD7B51AA412F700272D9C /* TestCrashMailTests.m in Sources */,
			);
			runOnlyForDeploymentPostprocessing = 0;
		};
/* End PBXSourcesBuildPhase section */

/* Begin PBXTargetDependency section */
		8E3AD7B01AA412F700272D9C /* PBXTargetDependency */ = {
			isa = PBXTargetDependency;
			target = 8E3AD7941AA412F600272D9C /* TestCrashMail */;
			targetProxy = 8E3AD7AF1AA412F700272D9C /* PBXContainerItemProxy */;
		};
/* End PBXTargetDependency section */

/* Begin PBXVariantGroup section */
		8E3AD7A21AA412F600272D9C /* Main.storyboard */ = {
			isa = PBXVariantGroup;
			children = (
				8E3AD7A31AA412F600272D9C /* Base */,
			);
			name = Main.storyboard;
			sourceTree = "<group>";
		};
		8E3AD7A71AA412F600272D9C /* LaunchScreen.xib */ = {
			isa = PBXVariantGroup;
			children = (
				8E3AD7A81AA412F600272D9C /* Base */,
			);
			name = LaunchScreen.xib;
			sourceTree = "<group>";
		};
/* End PBXVariantGroup section */

/* Begin XCBuildConfiguration section */
		8E3AD7B61AA412F700272D9C /* Debug */ = {
			isa = XCBuildConfiguration;
			buildSettings = {
				ALWAYS_SEARCH_USER_PATHS = NO;
				CLANG_CXX_LANGUAGE_STANDARD = "gnu++0x";
				CLANG_CXX_LIBRARY = "libc++";
				CLANG_ENABLE_MODULES = YES;
				CLANG_ENABLE_OBJC_ARC = YES;
				CLANG_WARN_BOOL_CONVERSION = YES;
				CLANG_WARN_CONSTANT_CONVERSION = YES;
				CLANG_WARN_DIRECT_OBJC_ISA_USAGE = YES_ERROR;
				CLANG_WARN_EMPTY_BODY = YES;
				CLANG_WARN_ENUM_CONVERSION = YES;
				CLANG_WARN_INT_CONVERSION = YES;
				CLANG_WARN_OBJC_ROOT_CLASS = YES_ERROR;
				CLANG_WARN_UNREACHABLE_CODE = YES;
				CLANG_WARN__DUPLICATE_METHOD_MATCH = YES;
				CODE_SIGN_IDENTITY = "iPhone Distribution";
				"CODE_SIGN_IDENTITY[sdk=iphoneos*]" = "iPhone Distribution";
				COPY_PHASE_STRIP = NO;
				ENABLE_STRICT_OBJC_MSGSEND = YES;
				GCC_C_LANGUAGE_STANDARD = gnu99;
				GCC_DYNAMIC_NO_PIC = NO;
				GCC_OPTIMIZATION_LEVEL = 0;
				GCC_PREPROCESSOR_DEFINITIONS = (
					"DEBUG=1",
					"$(inherited)",
				);
				GCC_SYMBOLS_PRIVATE_EXTERN = NO;
				GCC_WARN_64_TO_32_BIT_CONVERSION = YES;
				GCC_WARN_ABOUT_RETURN_TYPE = YES_ERROR;
				GCC_WARN_UNDECLARED_SELECTOR = YES;
				GCC_WARN_UNINITIALIZED_AUTOS = YES_AGGRESSIVE;
				GCC_WARN_UNUSED_FUNCTION = YES;
				GCC_WARN_UNUSED_VARIABLE = YES;
				IPHONEOS_DEPLOYMENT_TARGET = 8.1;
				MTL_ENABLE_DEBUG_INFO = YES;
				ONLY_ACTIVE_ARCH = YES;
				SDKROOT = iphoneos;
			};
			name = Debug;
		};
		8E3AD7B71AA412F700272D9C /* Release */ = {
			isa = XCBuildConfiguration;
			buildSettings = {
				ALWAYS_SEARCH_USER_PATHS = NO;
				CLANG_CXX_LANGUAGE_STANDARD = "gnu++0x";
				CLANG_CXX_LIBRARY = "libc++";
				CLANG_ENABLE_MODULES = YES;
				CLANG_ENABLE_OBJC_ARC = YES;
				CLANG_WARN_BOOL_CONVERSION = YES;
				CLANG_WARN_CONSTANT_CONVERSION = YES;
				CLANG_WARN_DIRECT_OBJC_ISA_USAGE = YES_ERROR;
				CLANG_WARN_EMPTY_BODY = YES;
				CLANG_WARN_ENUM_CONVERSION = YES;
				CLANG_WARN_INT_CONVERSION = YES;
				CLANG_WARN_OBJC_ROOT_CLASS = YES_ERROR;
				CLANG_WARN_UNREACHABLE_CODE = YES;
				CLANG_WARN__DUPLICATE_METHOD_MATCH = YES;
				CODE_SIGN_IDENTITY = "iPhone Distribution";
				"CODE_SIGN_IDENTITY[sdk=iphoneos*]" = "iPhone Distribution";
				COPY_PHASE_STRIP = YES;
				ENABLE_NS_ASSERTIONS = NO;
				ENABLE_STRICT_OBJC_MSGSEND = YES;
				GCC_C_LANGUAGE_STANDARD = gnu99;
				GCC_WARN_64_TO_32_BIT_CONVERSION = YES;
				GCC_WARN_ABOUT_RETURN_TYPE = YES_ERROR;
				GCC_WARN_UNDECLARED_SELECTOR = YES;
				GCC_WARN_UNINITIALIZED_AUTOS = YES_AGGRESSIVE;
				GCC_WARN_UNUSED_FUNCTION = YES;
				GCC_WARN_UNUSED_VARIABLE = YES;
				IPHONEOS_DEPLOYMENT_TARGET = 8.1;
				MTL_ENABLE_DEBUG_INFO = NO;
				SDKROOT = iphoneos;
				VALIDATE_PRODUCT = YES;
			};
			name = Release;
		};
		8E3AD7B91AA412F700272D9C /* Debug */ = {
			isa = XCBuildConfiguration;
			buildSettings = {
				ASSETCATALOG_COMPILER_APPICON_NAME = AppIcon;
				CODE_SIGN_IDENTITY = "iPhone Developer";
				INFOPLIST_FILE = TestCrashMail/Info.plist;
				IPHONEOS_DEPLOYMENT_TARGET = 6.0;
				LD_RUNPATH_SEARCH_PATHS = "$(inherited) @executable_path/Frameworks";
				PRODUCT_NAME = "$(TARGET_NAME)";
			};
			name = Debug;
		};
		8E3AD7BA1AA412F700272D9C /* Release */ = {
			isa = XCBuildConfiguration;
			buildSettings = {
				ASSETCATALOG_COMPILER_APPICON_NAME = AppIcon;
				CODE_SIGN_IDENTITY = "iPhone Developer";
				INFOPLIST_FILE = TestCrashMail/Info.plist;
				IPHONEOS_DEPLOYMENT_TARGET = 6.0;
				LD_RUNPATH_SEARCH_PATHS = "$(inherited) @executable_path/Frameworks";
				PRODUCT_NAME = "$(TARGET_NAME)";
			};
			name = Release;
		};
		8E3AD7BC1AA412F700272D9C /* Debug */ = {
			isa = XCBuildConfiguration;
			buildSettings = {
				BUNDLE_LOADER = "$(TEST_HOST)";
				FRAMEWORK_SEARCH_PATHS = (
					"$(SDKROOT)/Developer/Library/Frameworks",
					"$(inherited)",
				);
				GCC_PREPROCESSOR_DEFINITIONS = (
					"DEBUG=1",
					"$(inherited)",
				);
				INFOPLIST_FILE = TestCrashMailTests/Info.plist;
				LD_RUNPATH_SEARCH_PATHS = "$(inherited) @executable_path/Frameworks @loader_path/Frameworks";
				PRODUCT_NAME = "$(TARGET_NAME)";
				TEST_HOST = "$(BUILT_PRODUCTS_DIR)/TestCrashMail.app/TestCrashMail";
			};
			name = Debug;
		};
		8E3AD7BD1AA412F700272D9C /* Release */ = {
			isa = XCBuildConfiguration;
			buildSettings = {
				BUNDLE_LOADER = "$(TEST_HOST)";
				FRAMEWORK_SEARCH_PATHS = (
					"$(SDKROOT)/Developer/Library/Frameworks",
					"$(inherited)",
				);
				INFOPLIST_FILE = TestCrashMailTests/Info.plist;
				LD_RUNPATH_SEARCH_PATHS = "$(inherited) @executable_path/Frameworks @loader_path/Frameworks";
				PRODUCT_NAME = "$(TARGET_NAME)";
				TEST_HOST = "$(BUILT_PRODUCTS_DIR)/TestCrashMail.app/TestCrashMail";
			};
			name = Release;
		};
/* End XCBuildConfiguration section */

/* Begin XCConfigurationList section */
		8E3AD7901AA412F600272D9C /* Build configuration list for PBXProject "TestCrashMail" */ = {
			isa = XCConfigurationList;
			buildConfigurations = (
				8E3AD7B61AA412F700272D9C /* Debug */,
				8E3AD7B71AA412F700272D9C /* Release */,
			);
			defaultConfigurationIsVisible = 0;
			defaultConfigurationName = Release;
		};
		8E3AD7B81AA412F700272D9C /* Build configuration list for PBXNativeTarget "TestCrashMail" */ = {
			isa = XCConfigurationList;
			buildConfigurations = (
				8E3AD7B91AA412F700272D9C /* Debug */,
				8E3AD7BA1AA412F700272D9C /* Release */,
			);
			defaultConfigurationIsVisible = 0;
			defaultConfigurationName = Release;
		};
		8E3AD7BB1AA412F700272D9C /* Build configuration list for PBXNativeTarget "TestCrashMailTests" */ = {
			isa = XCConfigurationList;
			buildConfigurations = (
				8E3AD7BC1AA412F700272D9C /* Debug */,
				8E3AD7BD1AA412F700272D9C /* Release */,
			);
			defaultConfigurationIsVisible = 0;
			defaultConfigurationName = Release;
		};
/* End XCConfigurationList section */
	};
	rootObject = 8E3AD78D1AA412F600272D9C /* Project object */;
}
